{
  "name": "poc-002-3d-card-system",
  "version": "1.0.0",
  "lockfileVersion": 3,
  "requires": true,
  "packages": {
    "": {
      "name": "poc-002-3d-card-system",
      "version": "1.0.0",
      "license": "ISC",
      "dependencies": {
        "flip-card-wc": "^1.3.0"
      }
    },
    "node_modules/flip-card-wc": {
      "version": "1.3.0",
      "resolved": "https://registry.npmjs.org/flip-card-wc/-/flip-card-wc-1.3.0.tgz",
      "integrity": "sha512-UppqlwOvd4MLZQ87t35ZCttJCC2LIAQL+gJ8raws981Vzk6kbndgyEPyVNgSF1JTaCsXZQn3OnLEwlf2mXnWFw==",
      "license": "ISC"
    }
  }
}
